
Microsoft Visual Studio Solution File, Format Version 12.00
# Visual Studio Version 17
VisualStudioVersion = 17.5.002.0
MinimumVisualStudioVersion = 10.0.40219.1
Project("{9A19103F-16F7-4668-BE54-9A1E7A4F7556}") = "Reductio_and_Absurdum", "Reductio_and_Absurdum.csproj", "{69EF3240-7ECE-42F1-B48C-A45273772BD5}"
EndProject
Global
	GlobalSection(SolutionConfigurationPlatforms) = preSolution
		Debug|Any CPU = Debug|Any CPU
		Release|Any CPU = Release|Any CPU
	EndGlobalSection
	GlobalSection(ProjectConfigurationPlatforms) = postSolution
		{69EF3240-7ECE-42F1-B48C-A45273772BD5}.Debug|Any CPU.ActiveCfg = Debug|Any CPU
		{69EF3240-7ECE-42F1-B48C-A45273772BD5}.Debug|Any CPU.Build.0 = Debug|Any CPU
		{69EF3240-7ECE-42F1-B48C-A45273772BD5}.Release|Any CPU.ActiveCfg = Release|Any CPU
		{69EF3240-7ECE-42F1-B48C-A45273772BD5}.Release|Any CPU.Build.0 = Release|Any CPU
	EndGlobalSection
	GlobalSection(SolutionProperties) = preSolution
		HideSolutionNode = FALSE
	EndGlobalSection
	GlobalSection(ExtensibilityGlobals) = postSolution
		SolutionGuid = {CC5FE6BB-9992-4232-ACD8-04E318FC2C21}
	EndGlobalSection
EndGlobal
